
Microsoft Visual Studio Solution File, Format Version 12.00
# Visual Studio Version 17
VisualStudioVersion = 17.8.34316.72
MinimumVisualStudioVersion = 10.0.40219.1
Project("{FAE04EC0-301F-11D3-BF4B-00C04F79EFBC}") = "idbfs-decoder", "idbfs-decoder\idbfs-decoder.csproj", "{A9440DB9-FC20-4663-B609-796F0BE1FEF4}"
EndProject
Global
	GlobalSection(SolutionConfigurationPlatforms) = preSolution
		Debug|Any CPU = Debug|Any CPU
		Release|Any CPU = Release|Any CPU
	EndGlobalSection
	GlobalSection(ProjectConfigurationPlatforms) = postSolution
		{A9440DB9-FC20-4663-B609-796F0BE1FEF4}.Debug|Any CPU.ActiveCfg = Debug|Any CPU
		{A9440DB9-FC20-4663-B609-796F0BE1FEF4}.Debug|Any CPU.Build.0 = Debug|Any CPU
		{A9440DB9-FC20-4663-B609-796F0BE1FEF4}.Release|Any CPU.ActiveCfg = Release|Any CPU
		{A9440DB9-FC20-4663-B609-796F0BE1FEF4}.Release|Any CPU.Build.0 = Release|Any CPU
	EndGlobalSection
	GlobalSection(SolutionProperties) = preSolution
		HideSolutionNode = FALSE
	EndGlobalSection
	GlobalSection(ExtensibilityGlobals) = postSolution
		SolutionGuid = {A2717A39-E1DC-4F1E-87BE-60C7E86285A8}
	EndGlobalSection
EndGlobal
